
Microsoft Visual Studio Solution File, Format Version 12.00
# Visual Studio Version 17
VisualStudioVersion = 17.1.32210.238
MinimumVisualStudioVersion = 10.0.40219.1
Project("{FAE04EC0-301F-11D3-BF4B-00C04F79EFBC}") = "ByteBank", "ByteBank\ByteBank.csproj", "{67E09CCB-D8D6-4DB7-BF90-89FD8B74CF5E}"
EndProject
Global
	GlobalSection(SolutionConfigurationPlatforms) = preSolution
		Debug|Any CPU = Debug|Any CPU
		Release|Any CPU = Release|Any CPU
	EndGlobalSection
	GlobalSection(ProjectConfigurationPlatforms) = postSolution
		{67E09CCB-D8D6-4DB7-BF90-89FD8B74CF5E}.Debug|Any CPU.ActiveCfg = Debug|Any CPU
		{67E09CCB-D8D6-4DB7-BF90-89FD8B74CF5E}.Debug|Any CPU.Build.0 = Debug|Any CPU
		{67E09CCB-D8D6-4DB7-BF90-89FD8B74CF5E}.Release|Any CPU.ActiveCfg = Release|Any CPU
		{67E09CCB-D8D6-4DB7-BF90-89FD8B74CF5E}.Release|Any CPU.Build.0 = Release|Any CPU
	EndGlobalSection
	GlobalSection(SolutionProperties) = preSolution
		HideSolutionNode = FALSE
	EndGlobalSection
	GlobalSection(ExtensibilityGlobals) = postSolution
		SolutionGuid = {A61B5885-1C2E-42CF-8F10-956C7E48709F}
	EndGlobalSection
EndGlobal
